// !$*UTF8*$!
{
	archiveVersion = 1;
	classes = {
	};
	objectVersion = 46;
	objects = {

/* Begin PBXBuildFile section */
		68172A371F78514F00D7711E /* AppDelegate.swift in Sources */ = {isa = PBXBuildFile; fileRef = 68172A361F78514F00D7711E /* AppDelegate.swift */; };
		68172A391F78514F00D7711E /* ViewController.swift in Sources */ = {isa = PBXBuildFile; fileRef = 68172A381F78514F00D7711E /* ViewController.swift */; };
		68172A3E1F78514F00D7711E /* Assets.xcassets in Resources */ = {isa = PBXBuildFile; fileRef = 68172A3D1F78514F00D7711E /* Assets.xcassets */; };
		68172A411F78514F00D7711E /* LaunchScreen.storyboard in Resources */ = {isa = PBXBuildFile; fileRef = 68172A3F1F78514F00D7711E /* LaunchScreen.storyboard */; };
		68172A4C1F78514F00D7711E /* YihengHuang_Lab2Tests.swift in Sources */ = {isa = PBXBuildFile; fileRef = 68172A4B1F78514F00D7711E /* YihengHuang_Lab2Tests.swift */; };
		68172A571F78514F00D7711E /* YihengHuang_Lab2UITests.swift in Sources */ = {isa = PBXBuildFile; fileRef = 68172A561F78514F00D7711E /* YihengHuang_Lab2UITests.swift */; };
		681B72601F78B19D005DF458 /* Main.storyboard in Resources */ = {isa = PBXBuildFile; fileRef = 68172A3A1F78514F00D7711E /* Main.storyboard */; };
		681B72641F78B366005DF458 /* DisplayView.swift in Sources */ = {isa = PBXBuildFile; fileRef = 681B72631F78B366005DF458 /* DisplayView.swift */; };
/* End PBXBuildFile section */

/* Begin PBXContainerItemProxy section */
		68172A481F78514F00D7711E /* PBXContainerItemProxy */ = {
			isa = PBXContainerItemProxy;
			containerPortal = 68172A2B1F78514F00D7711E /* Project object */;
			proxyType = 1;
			remoteGlobalIDString = 68172A321F78514F00D7711E;
			remoteInfo = "YihengHuang-Lab2";
		};
		68172A531F78514F00D7711E /* PBXContainerItemProxy */ = {
			isa = PBXContainerItemProxy;
			containerPortal = 68172A2B1F78514F00D7711E /* Project object */;
			proxyType = 1;
			remoteGlobalIDString = 68172A321F78514F00D7711E;
			remoteInfo = "YihengHuang-Lab2";
		};
/* End PBXContainerItemProxy section */

/* Begin PBXFileReference section */
		68172A331F78514F00D7711E /* YihengHuang-Lab2.app */ = {isa = PBXFileReference; explicitFileType = wrapper.application; includeInIndex = 0; path = "YihengHuang-Lab2.app"; sourceTree = BUILT_PRODUCTS_DIR; };
		68172A361F78514F00D7711E /* AppDelegate.swift */ = {isa = PBXFileReference; lastKnownFileType = sourcecode.swift; path = AppDelegate.swift; sourceTree = "<group>"; };
		68172A381F78514F00D7711E /* ViewController.swift */ = {isa = PBXFileReference; lastKnownFileType = sourcecode.swift; path = ViewController.swift; sourceTree = "<group>"; };
		68172A3B1F78514F00D7711E /* Base */ = {isa = PBXFileReference; lastKnownFileType = file.storyboard; name = Base; path = Base.lproj/Main.storyboard; sourceTree = "<group>"; };
		68172A3D1F78514F00D7711E /* Assets.xcassets */ = {isa = PBXFileReference; lastKnownFileType = folder.assetcatalog; path = Assets.xcassets; sourceTree = "<group>"; };
		68172A401F78514F00D7711E /* Base */ = {isa = PBXFileReference; lastKnownFileType = file.storyboard; name = Base; path = Base.lproj/LaunchScreen.storyboard; sourceTree = "<group>"; };
		68172A421F78514F00D7711E /* Info.plist */ = {isa = PBXFileReference; lastKnownFileType = text.plist.xml; path = Info.plist; sourceTree = "<group>"; };
		68172A471F78514F00D7711E /* YihengHuang-Lab2Tests.xctest */ = {isa = PBXFileReference; explicitFileType = wrapper.cfbundle; includeInIndex = 0; path = "YihengHuang-Lab2Tests.xctest"; sourceTree = BUILT_PRODUCTS_DIR; };
		68172A4B1F78514F00D7711E /* YihengHuang_Lab2Tests.swift */ = {isa = PBXFileReference; lastKnownFileType = sourcecode.swift; path = YihengHuang_Lab2Tests.swift; sourceTree = "<group>"; };
		68172A4D1F78514F00D7711E /* Info.plist */ = {isa = PBXFileReference; lastKnownFileType = text.plist.xml; path = Info.plist; sourceTree = "<group>"; };
		68172A521F78514F00D7711E /* YihengHuang-Lab2UITests.xctest */ = {isa = PBXFileReference; explicitFileType = wrapper.cfbundle; includeInIndex = 0; path = "YihengHuang-Lab2UITests.xctest"; sourceTree = BUILT_PRODUCTS_DIR; };
		68172A561F78514F00D7711E /* YihengHuang_Lab2UITests.swift */ = {isa = PBXFileReference; lastKnownFileType = sourcecode.swift; path = YihengHuang_Lab2UITests.swift; sourceTree = "<group>"; };
		68172A581F78514F00D7711E /* Info.plist */ = {isa = PBXFileReference; lastKnownFileType = text.plist.xml; path = Info.plist; sourceTree = "<group>"; };
		681B72631F78B366005DF458 /* DisplayView.swift */ = {isa = PBXFileReference; fileEncoding = 4; lastKnownFileType = sourcecode.swift; path = DisplayView.swift; sourceTree = "<group>"; };
/* End PBXFileReference section */

/* Begin PBXFrameworksBuildPhase section */
		68172A301F78514F00D7711E /* Frameworks */ = {
			isa = PBXFrameworksBuildPhase;
			buildActionMask = 2147483647;
			files = (
			);
			runOnlyForDeploymentPostprocessing = 0;
		};
		68172A441F78514F00D7711E /* Frameworks */ = {
			isa = PBXFrameworksBuildPhase;
			buildActionMask = 2147483647;
			files = (
			);
			runOnlyForDeploymentPostprocessing = 0;
		};
		68172A4F1F78514F00D7711E /* Frameworks */ = {
			isa = PBXFrameworksBuildPhase;
			buildActionMask = 2147483647;
			files = (
			);
			runOnlyForDeploymentPostprocessing = 0;
		};
/* End PBXFrameworksBuildPhase section */

/* Begin PBXGroup section */
		68172A2A1F78514F00D7711E = {
			isa = PBXGroup;
			children = (
				68172A351F78514F00D7711E /* YihengHuang-Lab2 */,
				68172A4A1F78514F00D7711E /* YihengHuang-Lab2Tests */,
				68172A551F78514F00D7711E /* YihengHuang-Lab2UITests */,
				68172A341F78514F00D7711E /* Products */,
			);
			sourceTree = "<group>";
		};
		68172A341F78514F00D7711E /* Products */ = {
			isa = PBXGroup;
			children = (
				68172A331F78514F00D7711E /* YihengHuang-Lab2.app */,
				68172A471F78514F00D7711E /* YihengHuang-Lab2Tests.xctest */,
				68172A521F78514F00D7711E /* YihengHuang-Lab2UITests.xctest */,
			);
			name = Products;
			sourceTree = "<group>";
		};
		68172A351F78514F00D7711E /* YihengHuang-Lab2 */ = {
			isa = PBXGroup;
			children = (
				68172A361F78514F00D7711E /* AppDelegate.swift */,
				68172A381F78514F00D7711E /* ViewController.swift */,
				681B72631F78B366005DF458 /* DisplayView.swift */,
				68172A3A1F78514F00D7711E /* Main.storyboard */,
				68172A3D1F78514F00D7711E /* Assets.xcassets */,
				68172A3F1F78514F00D7711E /* LaunchScreen.storyboard */,
				68172A421F78514F00D7711E /* Info.plist */,
			);
			path = "YihengHuang-Lab2";
			sourceTree = "<group>";
		};
		68172A4A1F78514F00D7711E /* YihengHuang-Lab2Tests */ = {
			isa = PBXGroup;
			children = (
				68172A4B1F78514F00D7711E /* YihengHuang_Lab2Tests.swift */,
				68172A4D1F78514F00D7711E /* Info.plist */,
			);
			path = "YihengHuang-Lab2Tests";
			sourceTree = "<group>";
		};
		68172A551F78514F00D7711E /* YihengHuang-Lab2UITests */ = {
			isa = PBXGroup;
			children = (
				68172A561F78514F00D7711E /* YihengHuang_Lab2UITests.swift */,
				68172A581F78514F00D7711E /* Info.plist */,
			);
			path = "YihengHuang-Lab2UITests";
			sourceTree = "<group>";
		};
/* End PBXGroup section */

/* Begin PBXNativeTarget section */
		68172A321F78514F00D7711E /* YihengHuang-Lab2 */ = {
			isa = PBXNativeTarget;
			buildConfigurationList = 68172A5B1F78514F00D7711E /* Build configuration list for PBXNativeTarget "YihengHuang-Lab2" */;
			buildPhases = (
				68172A2F1F78514F00D7711E /* Sources */,
				68172A301F78514F00D7711E /* Frameworks */,
				68172A311F78514F00D7711E /* Resources */,
			);
			buildRules = (
			);
			dependencies = (
			);
			name = "YihengHuang-Lab2";
			productName = "YihengHuang-Lab2";
			productReference = 68172A331F78514F00D7711E /* YihengHuang-Lab2.app */;
			productType = "com.apple.product-type.application";
		};
		68172A461F78514F00D7711E /* YihengHuang-Lab2Tests */ = {
			isa = PBXNativeTarget;
			buildConfigurationList = 68172A5E1F78514F00D7711E /* Build configuration list for PBXNativeTarget "YihengHuang-Lab2Tests" */;
			buildPhases = (
				68172A431F78514F00D7711E /* Sources */,
				68172A441F78514F00D7711E /* Frameworks */,
				68172A451F78514F00D7711E /* Resources */,
			);
			buildRules = (
			);
			dependencies = (
				68172A491F78514F00D7711E /* PBXTargetDependency */,
			);
			name = "YihengHuang-Lab2Tests";
			productName = "YihengHuang-Lab2Tests";
			productReference = 68172A471F78514F00D7711E /* YihengHuang-Lab2Tests.xctest */;
			productType = "com.apple.product-type.bundle.unit-test";
		};
		68172A511F78514F00D7711E /* YihengHuang-Lab2UITests */ = {
			isa = PBXNativeTarget;
			buildConfigurationList = 68172A611F78514F00D7711E /* Build configuration list for PBXNativeTarget "YihengHuang-Lab2UITests" */;
			buildPhases = (
				68172A4E1F78514F00D7711E /* Sources */,
				68172A4F1F78514F00D7711E /* Frameworks */,
				68172A501F78514F00D7711E /* Resources */,
			);
			buildRules = (
			);
			dependencies = (
				68172A541F78514F00D7711E /* PBXTargetDependency */,
			);
			name = "YihengHuang-Lab2UITests";
			productName = "YihengHuang-Lab2UITests";
			productReference = 68172A521F78514F00D7711E /* YihengHuang-Lab2UITests.xctest */;
			productType = "com.apple.product-type.bundle.ui-testing";
		};
/* End PBXNativeTarget section */

/* Begin PBXProject section */
		68172A2B1F78514F00D7711E /* Project object */ = {
			isa = PBXProject;
			attributes = {
				LastSwiftUpdateCheck = 0830;
				LastUpgradeCheck = 0830;
				ORGANIZATIONNAME = WUSTL;
				TargetAttributes = {
					68172A321F78514F00D7711E = {
						CreatedOnToolsVersion = 8.3.3;
						ProvisioningStyle = Automatic;
					};
					68172A461F78514F00D7711E = {
						CreatedOnToolsVersion = 8.3.3;
						ProvisioningStyle = Automatic;
						TestTargetID = 68172A321F78514F00D7711E;
					};
					68172A511F78514F00D7711E = {
						CreatedOnToolsVersion = 8.3.3;
						ProvisioningStyle = Automatic;
						TestTargetID = 68172A321F78514F00D7711E;
					};
				};
			};
			buildConfigurationList = 68172A2E1F78514F00D7711E /* Build configuration list for PBXProject "YihengHuang-Lab2" */;
			compatibilityVersion = "Xcode 3.2";
			developmentRegion = English;
			hasScannedForEncodings = 0;
			knownRegions = (
				en,
				Base,
			);
			mainGroup = 68172A2A1F78514F00D7711E;
			productRefGroup = 68172A341F78514F00D7711E /* Products */;
			projectDirPath = "";
			projectRoot = "";
			targets = (
				68172A321F78514F00D7711E /* YihengHuang-Lab2 */,
				68172A461F78514F00D7711E /* YihengHuang-Lab2Tests */,
				68172A511F78514F00D7711E /* YihengHuang-Lab2UITests */,
			);
		};
/* End PBXProject section */

/* Begin PBXResourcesBuildPhase section */
		68172A311F78514F00D7711E /* Resources */ = {
			isa = PBXResourcesBuildPhase;
			buildActionMask = 2147483647;
			files = (
				681B72601F78B19D005DF458 /* Main.storyboard in Resources */,
				68172A411F78514F00D7711E /* LaunchScreen.storyboard in Resources */,
				68172A3E1F78514F00D7711E /* Assets.xcassets in Resources */,
			);
			runOnlyForDeploymentPostprocessing = 0;
		};
		68172A451F78514F00D7711E /* Resources */ = {
			isa = PBXResourcesBuildPhase;
			buildActionMask = 2147483647;
			files = (
			);
			runOnlyForDeploymentPostprocessing = 0;
		};
		68172A501F78514F00D7711E /* Resources */ = {
			isa = PBXResourcesBuildPhase;
			buildActionMask = 2147483647;
			files = (
			);
			runOnlyForDeploymentPostprocessing = 0;
		};
/* End PBXResourcesBuildPhase section */

/* Begin PBXSourcesBuildPhase section */
		68172A2F1F78514F00D7711E /* Sources */ = {
			isa = PBXSourcesBuildPhase;
			buildActionMask = 2147483647;
			files = (
				681B72641F78B366005DF458 /* DisplayView.swift in Sources */,
				68172A391F78514F00D7711E /* ViewController.swift in Sources */,
				68172A371F78514F00D7711E /* AppDelegate.swift in Sources */,
			);
			runOnlyForDeploymentPostprocessing = 0;
		};
		68172A431F78514F00D7711E /* Sources */ = {
			isa = PBXSourcesBuildPhase;
			buildActionMask = 2147483647;
			files = (
				68172A4C1F78514F00D7711E /* YihengHuang_Lab2Tests.swift in Sources */,
			);
			runOnlyForDeploymentPostprocessing = 0;
		};
		68172A4E1F78514F00D7711E /* Sources */ = {
			isa = PBXSourcesBuildPhase;
			buildActionMask = 2147483647;
			files = (
				68172A571F78514F00D7711E /* YihengHuang_Lab2UITests.swift in Sources */,
			);
			runOnlyForDeploymentPostprocessing = 0;
		};
/* End PBXSourcesBuildPhase section */

/* Begin PBXTargetDependency section */
		68172A491F78514F00D7711E /* PBXTargetDependency */ = {
			isa = PBXTargetDependency;
			target = 68172A321F78514F00D7711E /* YihengHuang-Lab2 */;
			targetProxy = 68172A481F78514F00D7711E /* PBXContainerItemProxy */;
		};
		68172A541F78514F00D7711E /* PBXTargetDependency */ = {
			isa = PBXTargetDependency;
			target = 68172A321F78514F00D7711E /* YihengHuang-Lab2 */;
			targetProxy = 68172A531F78514F00D7711E /* PBXContainerItemProxy */;
		};
/* End PBXTargetDependency section */

/* Begin PBXVariantGroup section */
		68172A3A1F78514F00D7711E /* Main.storyboard */ = {
			isa = PBXVariantGroup;
			children = (
				68172A3B1F78514F00D7711E /* Base */,
			);
			name = Main.storyboard;
			sourceTree = "<group>";
		};
		68172A3F1F78514F00D7711E /* LaunchScreen.storyboard */ = {
			isa = PBXVariantGroup;
			children = (
				68172A401F78514F00D7711E /* Base */,
			);
			name = LaunchScreen.storyboard;
			sourceTree = "<group>";
		};
/* End PBXVariantGroup section */

/* Begin XCBuildConfiguration section */
		68172A591F78514F00D7711E /* Debug */ = {
			isa = XCBuildConfiguration;
			buildSettings = {
				ALWAYS_SEARCH_USER_PATHS = NO;
				CLANG_ANALYZER_NONNULL = YES;
				CLANG_ANALYZER_NUMBER_OBJECT_CONVERSION = YES_AGGRESSIVE;
				CLANG_CXX_LANGUAGE_STANDARD = "gnu++0x";
				CLANG_CXX_LIBRARY = "libc++";
				CLANG_ENABLE_MODULES = YES;
				CLANG_ENABLE_OBJC_ARC = YES;
				CLANG_WARN_BOOL_CONVERSION = YES;
				CLANG_WARN_CONSTANT_CONVERSION = YES;
				CLANG_WARN_DIRECT_OBJC_ISA_USAGE = YES_ERROR;
				CLANG_WARN_DOCUMENTATION_COMMENTS = YES;
				CLANG_WARN_EMPTY_BODY = YES;
				CLANG_WARN_ENUM_CONVERSION = YES;
				CLANG_WARN_INFINITE_RECURSION = YES;
				CLANG_WARN_INT_CONVERSION = YES;
				CLANG_WARN_OBJC_ROOT_CLASS = YES_ERROR;
				CLANG_WARN_SUSPICIOUS_MOVE = YES;
				CLANG_WARN_UNREACHABLE_CODE = YES;
				CLANG_WARN__DUPLICATE_METHOD_MATCH = YES;
				"CODE_SIGN_IDENTITY[sdk=iphoneos*]" = "iPhone Developer";
				COPY_PHASE_STRIP = NO;
				DEBUG_INFORMATION_FORMAT = dwarf;
				ENABLE_STRICT_OBJC_MSGSEND = YES;
				ENABLE_TESTABILITY = YES;
				GCC_C_LANGUAGE_STANDARD = gnu99;
				GCC_DYNAMIC_NO_PIC = NO;
				GCC_NO_COMMON_BLOCKS = YES;
				GCC_OPTIMIZATION_LEVEL = 0;
				GCC_PREPROCESSOR_DEFINITIONS = (
					"DEBUG=1",
					"$(inherited)",
				);
				GCC_WARN_64_TO_32_BIT_CONVERSION = YES;
				GCC_WARN_ABOUT_RETURN_TYPE = YES_ERROR;
				GCC_WARN_UNDECLARED_SELECTOR = YES;
				GCC_WARN_UNINITIALIZED_AUTOS = YES_AGGRESSIVE;
				GCC_WARN_UNUSED_FUNCTION = YES;
				GCC_WARN_UNUSED_VARIABLE = YES;
				IPHONEOS_DEPLOYMENT_TARGET = 10.3;
				MTL_ENABLE_DEBUG_INFO = YES;
				ONLY_ACTIVE_ARCH = YES;
				SDKROOT = iphoneos;
				SWIFT_ACTIVE_COMPILATION_CONDITIONS = DEBUG;
				SWIFT_OPTIMIZATION_LEVEL = "-Onone";
				TARGETED_DEVICE_FAMILY = "1,2";
			};
			name = Debug;
		};
		68172A5A1F78514F00D7711E /* Release */ = {
			isa = XCBuildConfiguration;
			buildSettings = {
				ALWAYS_SEARCH_USER_PATHS = NO;
				CLANG_ANALYZER_NONNULL = YES;
				CLANG_ANALYZER_NUMBER_OBJECT_CONVERSION = YES_AGGRESSIVE;
				CLANG_CXX_LANGUAGE_STANDARD = "gnu++0x";
				CLANG_CXX_LIBRARY = "libc++";
				CLANG_ENABLE_MODULES = YES;
				CLANG_ENABLE_OBJC_ARC = YES;
				CLANG_WARN_BOOL_CONVERSION = YES;
				CLANG_WARN_CONSTANT_CONVERSION = YES;
				CLANG_WARN_DIRECT_OBJC_ISA_USAGE = YES_ERROR;
				CLANG_WARN_DOCUMENTATION_COMMENTS = YES;
				CLANG_WARN_EMPTY_BODY = YES;
				CLANG_WARN_ENUM_CONVERSION = YES;
				CLANG_WARN_INFINITE_RECURSION = YES;
				CLANG_WARN_INT_CONVERSION = YES;
				CLANG_WARN_OBJC_ROOT_CLASS = YES_ERROR;
				CLANG_WARN_SUSPICIOUS_MOVE = YES;
				CLANG_WARN_UNREACHABLE_CODE = YES;
				CLANG_WARN__DUPLICATE_METHOD_MATCH = YES;
				"CODE_SIGN_IDENTITY[sdk=iphoneos*]" = "iPhone Developer";
				COPY_PHASE_STRIP = NO;
				DEBUG_INFORMATION_FORMAT = "dwarf-with-dsym";
				ENABLE_NS_ASSERTIONS = NO;
				ENABLE_STRICT_OBJC_MSGSEND = YES;
				GCC_C_LANGUAGE_STANDARD = gnu99;
				GCC_NO_COMMON_BLOCKS = YES;
				GCC_WARN_64_TO_32_BIT_CONVERSION = YES;
				GCC_WARN_ABOUT_RETURN_TYPE = YES_ERROR;
				GCC_WARN_UNDECLARED_SELECTOR = YES;
				GCC_WARN_UNINITIALIZED_AUTOS = YES_AGGRESSIVE;
				GCC_WARN_UNUSED_FUNCTION = YES;
				GCC_WARN_UNUSED_VARIABLE = YES;
				IPHONEOS_DEPLOYMENT_TARGET = 10.3;
				MTL_ENABLE_DEBUG_INFO = NO;
				SDKROOT = iphoneos;
				SWIFT_OPTIMIZATION_LEVEL = "-Owholemodule";
				TARGETED_DEVICE_FAMILY = "1,2";
				VALIDATE_PRODUCT = YES;
			};
			name = Release;
		};
		68172A5C1F78514F00D7711E /* Debug */ = {
			isa = XCBuildConfiguration;
			buildSettings = {
				ASSETCATALOG_COMPILER_APPICON_NAME = AppIcon;
				INFOPLIST_FILE = "YihengHuang-Lab2/Info.plist";
				LD_RUNPATH_SEARCH_PATHS = "$(inherited) @executable_path/Frameworks";
				PRODUCT_BUNDLE_IDENTIFIER = "yihenghuang.YihengHuang-Lab2";
				PRODUCT_NAME = "$(TARGET_NAME)";
				SWIFT_VERSION = 3.0;
			};
			name = Debug;
		};
		68172A5D1F78514F00D7711E /* Release */ = {
			isa = XCBuildConfiguration;
			buildSettings = {
				ASSETCATALOG_COMPILER_APPICON_NAME = AppIcon;
				INFOPLIST_FILE = "YihengHuang-Lab2/Info.plist";
				LD_RUNPATH_SEARCH_PATHS = "$(inherited) @executable_path/Frameworks";
				PRODUCT_BUNDLE_IDENTIFIER = "yihenghuang.YihengHuang-Lab2";
				PRODUCT_NAME = "$(TARGET_NAME)";
				SWIFT_VERSION = 3.0;
			};
			name = Release;
		};
		68172A5F1F78514F00D7711E /* Debug */ = {
			isa = XCBuildConfiguration;
			buildSettings = {
				ALWAYS_EMBED_SWIFT_STANDARD_LIBRARIES = YES;
				BUNDLE_LOADER = "$(TEST_HOST)";
				INFOPLIST_FILE = "YihengHuang-Lab2Tests/Info.plist";
				LD_RUNPATH_SEARCH_PATHS = "$(inherited) @executable_path/Frameworks @loader_path/Frameworks";
				PRODUCT_BUNDLE_IDENTIFIER = "yihenghuang.YihengHuang-Lab2Tests";
				PRODUCT_NAME = "$(TARGET_NAME)";
				SWIFT_VERSION = 3.0;
				TEST_HOST = "$(BUILT_PRODUCTS_DIR)/YihengHuang-Lab2.app/YihengHuang-Lab2";
			};
			name = Debug;
		};
		68172A601F78514F00D7711E /* Release */ = {
			isa = XCBuildConfiguration;
			buildSettings = {
				ALWAYS_EMBED_SWIFT_STANDARD_LIBRARIES = YES;
				BUNDLE_LOADER = "$(TEST_HOST)";
				INFOPLIST_FILE = "YihengHuang-Lab2Tests/Info.plist";
				LD_RUNPATH_SEARCH_PATHS = "$(inherited) @executable_path/Frameworks @loader_path/Frameworks";
				PRODUCT_BUNDLE_IDENTIFIER = "yihenghuang.YihengHuang-Lab2Tests";
				PRODUCT_NAME = "$(TARGET_NAME)";
				SWIFT_VERSION = 3.0;
				TEST_HOST = "$(BUILT_PRODUCTS_DIR)/YihengHuang-Lab2.app/YihengHuang-Lab2";
			};
			name = Release;
		};
		68172A621F78514F00D7711E /* Debug */ = {
			isa = XCBuildConfiguration;
			buildSettings = {
				ALWAYS_EMBED_SWIFT_STANDARD_LIBRARIES = YES;
				INFOPLIST_FILE = "YihengHuang-Lab2UITests/Info.plist";
				LD_RUNPATH_SEARCH_PATHS = "$(inherited) @executable_path/Frameworks @loader_path/Frameworks";
				PRODUCT_BUNDLE_IDENTIFIER = "yihenghuang.YihengHuang-Lab2UITests";
				PRODUCT_NAME = "$(TARGET_NAME)";
				SWIFT_VERSION = 3.0;
				TEST_TARGET_NAME = "YihengHuang-Lab2";
			};
			name = Debug;
		};
		68172A631F78514F00D7711E /* Release */ = {
			isa = XCBuildConfiguration;
			buildSettings = {
				ALWAYS_EMBED_SWIFT_STANDARD_LIBRARIES = YES;
				INFOPLIST_FILE = "YihengHuang-Lab2UITests/Info.plist";
				LD_RUNPATH_SEARCH_PATHS = "$(inherited) @executable_path/Frameworks @loader_path/Frameworks";
				PRODUCT_BUNDLE_IDENTIFIER = "yihenghuang.YihengHuang-Lab2UITests";
				PRODUCT_NAME = "$(TARGET_NAME)";
				SWIFT_VERSION = 3.0;
				TEST_TARGET_NAME = "YihengHuang-Lab2";
			};
			name = Release;
		};
/* End XCBuildConfiguration section */

/* Begin XCConfigurationList section */
		68172A2E1F78514F00D7711E /* Build configuration list for PBXProject "YihengHuang-Lab2" */ = {
			isa = XCConfigurationList;
			buildConfigurations = (
				68172A591F78514F00D7711E /* Debug */,
				68172A5A1F78514F00D7711E /* Release */,
			);
			defaultConfigurationIsVisible = 0;
			defaultConfigurationName = Release;
		};
		68172A5B1F78514F00D7711E /* Build configuration list for PBXNativeTarget "YihengHuang-Lab2" */ = {
			isa = XCConfigurationList;
			buildConfigurations = (
				68172A5C1F78514F00D7711E /* Debug */,
				68172A5D1F78514F00D7711E /* Release */,
			);
			defaultConfigurationIsVisible = 0;
			defaultConfigurationName = Release;
		};
		68172A5E1F78514F00D7711E /* Build configuration list for PBXNativeTarget "YihengHuang-Lab2Tests" */ = {
			isa = XCConfigurationList;
			buildConfigurations = (
				68172A5F1F78514F00D7711E /* Debug */,
				68172A601F78514F00D7711E /* Release */,
			);
			defaultConfigurationIsVisible = 0;
			defaultConfigurationName = Release;
		};
		68172A611F78514F00D7711E /* Build configuration list for PBXNativeTarget "YihengHuang-Lab2UITests" */ = {
			isa = XCConfigurationList;
			buildConfigurations = (
				68172A621F78514F00D7711E /* Debug */,
				68172A631F78514F00D7711E /* Release */,
			);
			defaultConfigurationIsVisible = 0;
			defaultConfigurationName = Release;
		};
/* End XCConfigurationList section */
	};
	rootObject = 68172A2B1F78514F00D7711E /* Project object */;
}
